# This file is automatically @generated by Cargo.
# It is not intended for manual editing.
version = 3

[[package]]
name = "hoplite-provider-hta"
version = "0.1.0"

[[package]]
name = "hoplite-value-store"
version = "0.1.0"

[[package]]
name = "hoplite-value-store-provider"
version = "0.1.0"
dependencies = [
 "hoplite-provider-hta",
 "hoplite-value-store",
]
