# This file is automatically @generated by Cargo.
# It is not intended for manual editing.
version = 3

[[package]]
name = "hoplite-blob-store"
version = "0.1.0"

[[package]]
name = "hoplite-blob-store-provider"
version = "0.1.0"
dependencies = [
 "hoplite-blob-store",
 "hoplite-provider-hta",
]

[[package]]
name = "hoplite-provider-hta"
version = "0.1.0"
